
Microsoft Visual Studio Solution File, Format Version 12.00
# Visual Studio 15
Project("{FAE04EC0-301F-11D3-BF4B-00C04F79EFBC}") = "Assembly-CSharp", "Assembly-CSharp.csproj", "{DD6A0BE5-E9BF-713A-87D5-20DD77C64DE0}"
EndProject
Project("{FAE04EC0-301F-11D3-BF4B-00C04F79EFBC}") = "Assembly-CSharp-Editor", "Assembly-CSharp-Editor.csproj", "{34DBC523-C6FD-BE1C-F20C-4ABF88CAAECE}"
EndProject
Global
	GlobalSection(SolutionConfigurationPlatforms) = preSolution
		Debug|Any CPU = Debug|Any CPU
		Release|Any CPU = Release|Any CPU
	EndGlobalSection
	GlobalSection(ProjectConfigurationPlatforms) = postSolution
		{DD6A0BE5-E9BF-713A-87D5-20DD77C64DE0}.Debug|Any CPU.ActiveCfg = Debug|Any CPU
		{DD6A0BE5-E9BF-713A-87D5-20DD77C64DE0}.Debug|Any CPU.Build.0 = Debug|Any CPU
		{DD6A0BE5-E9BF-713A-87D5-20DD77C64DE0}.Release|Any CPU.ActiveCfg = Release|Any CPU
		{DD6A0BE5-E9BF-713A-87D5-20DD77C64DE0}.Release|Any CPU.Build.0 = Release|Any CPU
		{34DBC523-C6FD-BE1C-F20C-4ABF88CAAECE}.Debug|Any CPU.ActiveCfg = Debug|Any CPU
		{34DBC523-C6FD-BE1C-F20C-4ABF88CAAECE}.Debug|Any CPU.Build.0 = Debug|Any CPU
		{34DBC523-C6FD-BE1C-F20C-4ABF88CAAECE}.Release|Any CPU.ActiveCfg = Release|Any CPU
		{34DBC523-C6FD-BE1C-F20C-4ABF88CAAECE}.Release|Any CPU.Build.0 = Release|Any CPU
	EndGlobalSection
	GlobalSection(SolutionProperties) = preSolution
		HideSolutionNode = FALSE
	EndGlobalSection
EndGlobal
